
Microsoft Visual Studio Solution File, Format Version 12.00
# Visual Studio Version 17
VisualStudioVersion = 17.8.34525.116
MinimumVisualStudioVersion = 10.0.40219.1
Project("{FAE04EC0-301F-11D3-BF4B-00C04F79EFBC}") = "GarageVersion3", "GarageVersion3\GarageVersion3.csproj", "{2EECD8E1-D18C-43BA-B120-9AA561B50207}"
EndProject
Global
	GlobalSection(SolutionConfigurationPlatforms) = preSolution
		Debug|Any CPU = Debug|Any CPU
		Release|Any CPU = Release|Any CPU
	EndGlobalSection
	GlobalSection(ProjectConfigurationPlatforms) = postSolution
		{2EECD8E1-D18C-43BA-B120-9AA561B50207}.Debug|Any CPU.ActiveCfg = Debug|Any CPU
		{2EECD8E1-D18C-43BA-B120-9AA561B50207}.Debug|Any CPU.Build.0 = Debug|Any CPU
		{2EECD8E1-D18C-43BA-B120-9AA561B50207}.Release|Any CPU.ActiveCfg = Release|Any CPU
		{2EECD8E1-D18C-43BA-B120-9AA561B50207}.Release|Any CPU.Build.0 = Release|Any CPU
	EndGlobalSection
	GlobalSection(SolutionProperties) = preSolution
		HideSolutionNode = FALSE
	EndGlobalSection
	GlobalSection(ExtensibilityGlobals) = postSolution
		SolutionGuid = {44263F7F-0F90-4EBD-9E06-DD38BC567324}
	EndGlobalSection
EndGlobal
